
Microsoft Visual Studio Solution File, Format Version 12.00
# Visual Studio Version 17
VisualStudioVersion = 17.5.002.0
MinimumVisualStudioVersion = 10.0.40219.1
Project("{9A19103F-16F7-4668-BE54-9A1E7A4F7556}") = "Lab3", "Lab3.csproj", "{ADA7CDD9-FEB7-4C92-8772-199A623D82A2}"
EndProject
Global
	GlobalSection(SolutionConfigurationPlatforms) = preSolution
		Debug|Any CPU = Debug|Any CPU
		Release|Any CPU = Release|Any CPU
	EndGlobalSection
	GlobalSection(ProjectConfigurationPlatforms) = postSolution
		{ADA7CDD9-FEB7-4C92-8772-199A623D82A2}.Debug|Any CPU.ActiveCfg = Debug|Any CPU
		{ADA7CDD9-FEB7-4C92-8772-199A623D82A2}.Debug|Any CPU.Build.0 = Debug|Any CPU
		{ADA7CDD9-FEB7-4C92-8772-199A623D82A2}.Release|Any CPU.ActiveCfg = Release|Any CPU
		{ADA7CDD9-FEB7-4C92-8772-199A623D82A2}.Release|Any CPU.Build.0 = Release|Any CPU
	EndGlobalSection
	GlobalSection(SolutionProperties) = preSolution
		HideSolutionNode = FALSE
	EndGlobalSection
	GlobalSection(ExtensibilityGlobals) = postSolution
		SolutionGuid = {C19F80C6-D997-4570-B764-7DA8B79DC0FC}
	EndGlobalSection
EndGlobal
